
Microsoft Visual Studio Solution File, Format Version 12.00
# Visual Studio Version 17
VisualStudioVersion = 17.5.33516.290
MinimumVisualStudioVersion = 10.0.40219.1
Project("{9A19103F-16F7-4668-BE54-9A1E7A4F7556}") = "Crito", "Crito.csproj", "{D03320D2-05B3-43C5-90AF-568D9581944B}"
EndProject
Global
	GlobalSection(SolutionConfigurationPlatforms) = preSolution
		Debug|Any CPU = Debug|Any CPU
		Release|Any CPU = Release|Any CPU
	EndGlobalSection
	GlobalSection(ProjectConfigurationPlatforms) = postSolution
		{D03320D2-05B3-43C5-90AF-568D9581944B}.Debug|Any CPU.ActiveCfg = Debug|Any CPU
		{D03320D2-05B3-43C5-90AF-568D9581944B}.Debug|Any CPU.Build.0 = Debug|Any CPU
		{D03320D2-05B3-43C5-90AF-568D9581944B}.Release|Any CPU.ActiveCfg = Release|Any CPU
		{D03320D2-05B3-43C5-90AF-568D9581944B}.Release|Any CPU.Build.0 = Release|Any CPU
	EndGlobalSection
	GlobalSection(SolutionProperties) = preSolution
		HideSolutionNode = FALSE
	EndGlobalSection
	GlobalSection(ExtensibilityGlobals) = postSolution
		SolutionGuid = {A0BF72C6-567B-4957-B57E-8592D8D74580}
	EndGlobalSection
EndGlobal
